// !$*UTF8*$!
{
	archiveVersion = 1;
	classes = {
	};
	objectVersion = 48;
	objects = {

/* Begin PBXBuildFile section */
		211BABCC1FB0675600535840 /* ButtonView.swift in Sources */ = {isa = PBXBuildFile; fileRef = 211BABCB1FB0675600535840 /* ButtonView.swift */; };
		2128D4231FB9DEAE00691979 /* MyImageView.swift in Sources */ = {isa = PBXBuildFile; fileRef = 2128D4221FB9DEAE00691979 /* MyImageView.swift */; };
		2159204F1FBB38B10072279C /* ShowInfoVC.swift in Sources */ = {isa = PBXBuildFile; fileRef = 2159204E1FBB38B10072279C /* ShowInfoVC.swift */; };
		215920531FBB6CCC0072279C /* BarcodeTextField.swift in Sources */ = {isa = PBXBuildFile; fileRef = 215920521FBB6CCC0072279C /* BarcodeTextField.swift */; };
		215D2E291FB2206B009E78EA /* CardManager.swift in Sources */ = {isa = PBXBuildFile; fileRef = 215D2E281FB2206B009E78EA /* CardManager.swift */; };
		215D54B51FB32507003D7D6D /* Custom Features.swift in Sources */ = {isa = PBXBuildFile; fileRef = 215D54B41FB32507003D7D6D /* Custom Features.swift */; };
		21AAD3C61FB88AD3002BC433 /* plusMark.png in Resources */ = {isa = PBXBuildFile; fileRef = 21AAD3C41FB88AD2002BC433 /* plusMark.png */; };
		21AAD3C71FB88AD3002BC433 /* questionMark.png in Resources */ = {isa = PBXBuildFile; fileRef = 21AAD3C51FB88AD2002BC433 /* questionMark.png */; };
		21D1D9DE1FAB451C003E77F3 /* AppDelegate.swift in Sources */ = {isa = PBXBuildFile; fileRef = 21D1D9DD1FAB451C003E77F3 /* AppDelegate.swift */; };
		21D1D9E31FAB451F003E77F3 /* Main.storyboard in Resources */ = {isa = PBXBuildFile; fileRef = 21D1D9E11FAB451F003E77F3 /* Main.storyboard */; };
		21D1D9E61FAB4524003E77F3 /* Discount_Card_Manager.xcdatamodeld in Sources */ = {isa = PBXBuildFile; fileRef = 21D1D9E41FAB4523003E77F3 /* Discount_Card_Manager.xcdatamodeld */; };
		21D1D9E81FAB4528003E77F3 /* Assets.xcassets in Resources */ = {isa = PBXBuildFile; fileRef = 21D1D9E71FAB4528003E77F3 /* Assets.xcassets */; };
		21D1D9EB1FAB4528003E77F3 /* LaunchScreen.storyboard in Resources */ = {isa = PBXBuildFile; fileRef = 21D1D9E91FAB4528003E77F3 /* LaunchScreen.storyboard */; };
		21D1D9F61FAB4B55003E77F3 /* MainTableViewCell.swift in Sources */ = {isa = PBXBuildFile; fileRef = 21D1D9F51FAB4B55003E77F3 /* MainTableViewCell.swift */; };
		21E3EB481FB1CABB00A48F24 /* Card.swift in Sources */ = {isa = PBXBuildFile; fileRef = 21E3EB471FB1CABB00A48F24 /* Card.swift */; };
		21E3EB4E1FB1D37D00A48F24 /* EditTableVC.swift in Sources */ = {isa = PBXBuildFile; fileRef = 21E3EB4D1FB1D37D00A48F24 /* EditTableVC.swift */; };
		21E3EB501FB1D38E00A48F24 /* MainVC.swift in Sources */ = {isa = PBXBuildFile; fileRef = 21E3EB4F1FB1D38E00A48F24 /* MainVC.swift */; };
/* End PBXBuildFile section */

/* Begin PBXFileReference section */
		211BABCB1FB0675600535840 /* ButtonView.swift */ = {isa = PBXFileReference; lastKnownFileType = sourcecode.swift; path = ButtonView.swift; sourceTree = "<group>"; };
		2128D4221FB9DEAE00691979 /* MyImageView.swift */ = {isa = PBXFileReference; lastKnownFileType = sourcecode.swift; path = MyImageView.swift; sourceTree = "<group>"; };
		2159204E1FBB38B10072279C /* ShowInfoVC.swift */ = {isa = PBXFileReference; lastKnownFileType = sourcecode.swift; path = ShowInfoVC.swift; sourceTree = "<group>"; };
		215920521FBB6CCC0072279C /* BarcodeTextField.swift */ = {isa = PBXFileReference; lastKnownFileType = sourcecode.swift; path = BarcodeTextField.swift; sourceTree = "<group>"; };
		215D2E281FB2206B009E78EA /* CardManager.swift */ = {isa = PBXFileReference; lastKnownFileType = sourcecode.swift; path = CardManager.swift; sourceTree = "<group>"; };
		215D54B41FB32507003D7D6D /* Custom Features.swift */ = {isa = PBXFileReference; lastKnownFileType = sourcecode.swift; path = "Custom Features.swift"; sourceTree = "<group>"; };
		21AAD3C41FB88AD2002BC433 /* plusMark.png */ = {isa = PBXFileReference; lastKnownFileType = image.png; path = plusMark.png; sourceTree = "<group>"; };
		21AAD3C51FB88AD2002BC433 /* questionMark.png */ = {isa = PBXFileReference; lastKnownFileType = image.png; path = questionMark.png; sourceTree = "<group>"; };
		21D1D9DA1FAB4519003E77F3 /* Discount Card Manager.app */ = {isa = PBXFileReference; explicitFileType = wrapper.application; includeInIndex = 0; path = "Discount Card Manager.app"; sourceTree = BUILT_PRODUCTS_DIR; };
		21D1D9DD1FAB451C003E77F3 /* AppDelegate.swift */ = {isa = PBXFileReference; lastKnownFileType = sourcecode.swift; path = AppDelegate.swift; sourceTree = "<group>"; };
		21D1D9E21FAB451F003E77F3 /* Base */ = {isa = PBXFileReference; lastKnownFileType = file.storyboard; name = Base; path = Base.lproj/Main.storyboard; sourceTree = "<group>"; };
		21D1D9E51FAB4524003E77F3 /* Discount_Card_Manager.xcdatamodel */ = {isa = PBXFileReference; lastKnownFileType = wrapper.xcdatamodel; path = Discount_Card_Manager.xcdatamodel; sourceTree = "<group>"; };
		21D1D9E71FAB4528003E77F3 /* Assets.xcassets */ = {isa = PBXFileReference; lastKnownFileType = folder.assetcatalog; path = Assets.xcassets; sourceTree = "<group>"; };
		21D1D9EA1FAB4528003E77F3 /* Base */ = {isa = PBXFileReference; lastKnownFileType = file.storyboard; name = Base; path = Base.lproj/LaunchScreen.storyboard; sourceTree = "<group>"; };
		21D1D9EC1FAB452A003E77F3 /* Info.plist */ = {isa = PBXFileReference; lastKnownFileType = text.plist.xml; path = Info.plist; sourceTree = "<group>"; };
		21D1D9F51FAB4B55003E77F3 /* MainTableViewCell.swift */ = {isa = PBXFileReference; lastKnownFileType = sourcecode.swift; path = MainTableViewCell.swift; sourceTree = "<group>"; };
		21E3EB471FB1CABB00A48F24 /* Card.swift */ = {isa = PBXFileReference; lastKnownFileType = sourcecode.swift; path = Card.swift; sourceTree = "<group>"; };
		21E3EB4D1FB1D37D00A48F24 /* EditTableVC.swift */ = {isa = PBXFileReference; lastKnownFileType = sourcecode.swift; path = EditTableVC.swift; sourceTree = "<group>"; };
		21E3EB4F1FB1D38E00A48F24 /* MainVC.swift */ = {isa = PBXFileReference; lastKnownFileType = sourcecode.swift; path = MainVC.swift; sourceTree = "<group>"; };
/* End PBXFileReference section */

/* Begin PBXFrameworksBuildPhase section */
		21D1D9D71FAB4518003E77F3 /* Frameworks */ = {
			isa = PBXFrameworksBuildPhase;
			buildActionMask = 2147483647;
			files = (
			);
			runOnlyForDeploymentPostprocessing = 0;
		};
/* End PBXFrameworksBuildPhase section */

/* Begin PBXGroup section */
		211BABD31FB06A5C00535840 /* View Controllers */ = {
			isa = PBXGroup;
			children = (
				21E3EB4F1FB1D38E00A48F24 /* MainVC.swift */,
				21E3EB4D1FB1D37D00A48F24 /* EditTableVC.swift */,
				2159204E1FBB38B10072279C /* ShowInfoVC.swift */,
			);
			path = "View Controllers";
			sourceTree = "<group>";
		};
		211BABD41FB06A7900535840 /* Database */ = {
			isa = PBXGroup;
			children = (
				21D1D9E41FAB4523003E77F3 /* Discount_Card_Manager.xcdatamodeld */,
				21E3EB471FB1CABB00A48F24 /* Card.swift */,
			);
			path = Database;
			sourceTree = "<group>";
		};
		211BABD51FB06A9800535840 /* Other Custom Views */ = {
			isa = PBXGroup;
			children = (
				21D1D9F51FAB4B55003E77F3 /* MainTableViewCell.swift */,
				211BABCB1FB0675600535840 /* ButtonView.swift */,
				2128D4221FB9DEAE00691979 /* MyImageView.swift */,
				215920521FBB6CCC0072279C /* BarcodeTextField.swift */,
			);
			path = "Other Custom Views";
			sourceTree = "<group>";
		};
		215D2E2A1FB22074009E78EA /* Other */ = {
			isa = PBXGroup;
			children = (
				215D2E281FB2206B009E78EA /* CardManager.swift */,
				215D54B41FB32507003D7D6D /* Custom Features.swift */,
			);
			path = Other;
			sourceTree = "<group>";
		};
		215D2E2B1FB22885009E78EA /* Images */ = {
			isa = PBXGroup;
			children = (
				21AAD3C41FB88AD2002BC433 /* plusMark.png */,
				21AAD3C51FB88AD2002BC433 /* questionMark.png */,
			);
			path = Images;
			sourceTree = "<group>";
		};
		21D1D9D11FAB4515003E77F3 = {
			isa = PBXGroup;
			children = (
				21D1D9DC1FAB451A003E77F3 /* Discount Card Manager */,
				21D1D9DB1FAB4519003E77F3 /* Products */,
			);
			sourceTree = "<group>";
		};
		21D1D9DB1FAB4519003E77F3 /* Products */ = {
			isa = PBXGroup;
			children = (
				21D1D9DA1FAB4519003E77F3 /* Discount Card Manager.app */,
			);
			name = Products;
			sourceTree = "<group>";
		};
		21D1D9DC1FAB451A003E77F3 /* Discount Card Manager */ = {
			isa = PBXGroup;
			children = (
				21D1D9E11FAB451F003E77F3 /* Main.storyboard */,
				211BABD31FB06A5C00535840 /* View Controllers */,
				211BABD51FB06A9800535840 /* Other Custom Views */,
				211BABD41FB06A7900535840 /* Database */,
				215D2E2A1FB22074009E78EA /* Other */,
				215D2E2B1FB22885009E78EA /* Images */,
				21D1D9F21FAB45AF003E77F3 /* Supported Files */,
			);
			path = "Discount Card Manager";
			sourceTree = "<group>";
		};
		21D1D9F21FAB45AF003E77F3 /* Supported Files */ = {
			isa = PBXGroup;
			children = (
				21D1D9DD1FAB451C003E77F3 /* AppDelegate.swift */,
				21D1D9E71FAB4528003E77F3 /* Assets.xcassets */,
				21D1D9E91FAB4528003E77F3 /* LaunchScreen.storyboard */,
				21D1D9EC1FAB452A003E77F3 /* Info.plist */,
			);
			path = "Supported Files";
			sourceTree = "<group>";
		};
/* End PBXGroup section */

/* Begin PBXNativeTarget section */
		21D1D9D91FAB4518003E77F3 /* Discount Card Manager */ = {
			isa = PBXNativeTarget;
			buildConfigurationList = 21D1D9EF1FAB452A003E77F3 /* Build configuration list for PBXNativeTarget "Discount Card Manager" */;
			buildPhases = (
				21D1D9D61FAB4518003E77F3 /* Sources */,
				21D1D9D71FAB4518003E77F3 /* Frameworks */,
				21D1D9D81FAB4518003E77F3 /* Resources */,
			);
			buildRules = (
			);
			dependencies = (
			);
			name = "Discount Card Manager";
			productName = "Discount Card Manager";
			productReference = 21D1D9DA1FAB4519003E77F3 /* Discount Card Manager.app */;
			productType = "com.apple.product-type.application";
		};
/* End PBXNativeTarget section */

/* Begin PBXProject section */
		21D1D9D21FAB4516003E77F3 /* Project object */ = {
			isa = PBXProject;
			attributes = {
				LastSwiftUpdateCheck = 0900;
				LastUpgradeCheck = 0900;
				ORGANIZATIONNAME = "Nazarii Melnyk";
				TargetAttributes = {
					21D1D9D91FAB4518003E77F3 = {
						CreatedOnToolsVersion = 9.0;
						ProvisioningStyle = Automatic;
					};
				};
			};
			buildConfigurationList = 21D1D9D51FAB4517003E77F3 /* Build configuration list for PBXProject "Discount Card Manager" */;
			compatibilityVersion = "Xcode 8.0";
			developmentRegion = en;
			hasScannedForEncodings = 0;
			knownRegions = (
				en,
				Base,
			);
			mainGroup = 21D1D9D11FAB4515003E77F3;
			productRefGroup = 21D1D9DB1FAB4519003E77F3 /* Products */;
			projectDirPath = "";
			projectRoot = "";
			targets = (
				21D1D9D91FAB4518003E77F3 /* Discount Card Manager */,
			);
		};
/* End PBXProject section */

/* Begin PBXResourcesBuildPhase section */
		21D1D9D81FAB4518003E77F3 /* Resources */ = {
			isa = PBXResourcesBuildPhase;
			buildActionMask = 2147483647;
			files = (
				21AAD3C71FB88AD3002BC433 /* questionMark.png in Resources */,
				21D1D9EB1FAB4528003E77F3 /* LaunchScreen.storyboard in Resources */,
				21AAD3C61FB88AD3002BC433 /* plusMark.png in Resources */,
				21D1D9E81FAB4528003E77F3 /* Assets.xcassets in Resources */,
				21D1D9E31FAB451F003E77F3 /* Main.storyboard in Resources */,
			);
			runOnlyForDeploymentPostprocessing = 0;
		};
/* End PBXResourcesBuildPhase section */

/* Begin PBXSourcesBuildPhase section */
		21D1D9D61FAB4518003E77F3 /* Sources */ = {
			isa = PBXSourcesBuildPhase;
			buildActionMask = 2147483647;
			files = (
				21D1D9E61FAB4524003E77F3 /* Discount_Card_Manager.xcdatamodeld in Sources */,
				2159204F1FBB38B10072279C /* ShowInfoVC.swift in Sources */,
				21D1D9F61FAB4B55003E77F3 /* MainTableViewCell.swift in Sources */,
				21D1D9DE1FAB451C003E77F3 /* AppDelegate.swift in Sources */,
				215D2E291FB2206B009E78EA /* CardManager.swift in Sources */,
				21E3EB4E1FB1D37D00A48F24 /* EditTableVC.swift in Sources */,
				215920531FBB6CCC0072279C /* BarcodeTextField.swift in Sources */,
				21E3EB501FB1D38E00A48F24 /* MainVC.swift in Sources */,
				21E3EB481FB1CABB00A48F24 /* Card.swift in Sources */,
				2128D4231FB9DEAE00691979 /* MyImageView.swift in Sources */,
				211BABCC1FB0675600535840 /* ButtonView.swift in Sources */,
				215D54B51FB32507003D7D6D /* Custom Features.swift in Sources */,
			);
			runOnlyForDeploymentPostprocessing = 0;
		};
/* End PBXSourcesBuildPhase section */

/* Begin PBXVariantGroup section */
		21D1D9E11FAB451F003E77F3 /* Main.storyboard */ = {
			isa = PBXVariantGroup;
			children = (
				21D1D9E21FAB451F003E77F3 /* Base */,
			);
			name = Main.storyboard;
			sourceTree = "<group>";
		};
		21D1D9E91FAB4528003E77F3 /* LaunchScreen.storyboard */ = {
			isa = PBXVariantGroup;
			children = (
				21D1D9EA1FAB4528003E77F3 /* Base */,
			);
			name = LaunchScreen.storyboard;
			sourceTree = "<group>";
		};
/* End PBXVariantGroup section */

/* Begin XCBuildConfiguration section */
		21D1D9ED1FAB452A003E77F3 /* Debug */ = {
			isa = XCBuildConfiguration;
			buildSettings = {
				ALWAYS_SEARCH_USER_PATHS = NO;
				CLANG_ANALYZER_NONNULL = YES;
				CLANG_ANALYZER_NUMBER_OBJECT_CONVERSION = YES_AGGRESSIVE;
				CLANG_CXX_LANGUAGE_STANDARD = "gnu++14";
				CLANG_CXX_LIBRARY = "libc++";
				CLANG_ENABLE_MODULES = YES;
				CLANG_ENABLE_OBJC_ARC = YES;
				CLANG_WARN_BLOCK_CAPTURE_AUTORELEASING = YES;
				CLANG_WARN_BOOL_CONVERSION = YES;
				CLANG_WARN_COMMA = YES;
				CLANG_WARN_CONSTANT_CONVERSION = YES;
				CLANG_WARN_DIRECT_OBJC_ISA_USAGE = YES_ERROR;
				CLANG_WARN_DOCUMENTATION_COMMENTS = YES;
				CLANG_WARN_EMPTY_BODY = YES;
				CLANG_WARN_ENUM_CONVERSION = YES;
				CLANG_WARN_INFINITE_RECURSION = YES;
				CLANG_WARN_INT_CONVERSION = YES;
				CLANG_WARN_NON_LITERAL_NULL_CONVERSION = YES;
				CLANG_WARN_OBJC_LITERAL_CONVERSION = YES;
				CLANG_WARN_OBJC_ROOT_CLASS = YES_ERROR;
				CLANG_WARN_RANGE_LOOP_ANALYSIS = YES;
				CLANG_WARN_STRICT_PROTOTYPES = YES;
				CLANG_WARN_SUSPICIOUS_MOVE = YES;
				CLANG_WARN_UNGUARDED_AVAILABILITY = YES_AGGRESSIVE;
				CLANG_WARN_UNREACHABLE_CODE = YES;
				CLANG_WARN__DUPLICATE_METHOD_MATCH = YES;
				CODE_SIGN_IDENTITY = "iPhone Developer";
				COPY_PHASE_STRIP = NO;
				DEBUG_INFORMATION_FORMAT = dwarf;
				ENABLE_STRICT_OBJC_MSGSEND = YES;
				ENABLE_TESTABILITY = YES;
				GCC_C_LANGUAGE_STANDARD = gnu11;
				GCC_DYNAMIC_NO_PIC = NO;
				GCC_NO_COMMON_BLOCKS = YES;
				GCC_OPTIMIZATION_LEVEL = 0;
				GCC_PREPROCESSOR_DEFINITIONS = (
					"DEBUG=1",
					"$(inherited)",
				);
				GCC_WARN_64_TO_32_BIT_CONVERSION = YES;
				GCC_WARN_ABOUT_RETURN_TYPE = YES_ERROR;
				GCC_WARN_UNDECLARED_SELECTOR = YES;
				GCC_WARN_UNINITIALIZED_AUTOS = YES_AGGRESSIVE;
				GCC_WARN_UNUSED_FUNCTION = YES;
				GCC_WARN_UNUSED_VARIABLE = YES;
				IPHONEOS_DEPLOYMENT_TARGET = 11.0;
				MTL_ENABLE_DEBUG_INFO = YES;
				ONLY_ACTIVE_ARCH = YES;
				SDKROOT = iphoneos;
				SWIFT_ACTIVE_COMPILATION_CONDITIONS = DEBUG;
				SWIFT_OPTIMIZATION_LEVEL = "-Onone";
			};
			name = Debug;
		};
		21D1D9EE1FAB452A003E77F3 /* Release */ = {
			isa = XCBuildConfiguration;
			buildSettings = {
				ALWAYS_SEARCH_USER_PATHS = NO;
				CLANG_ANALYZER_NONNULL = YES;
				CLANG_ANALYZER_NUMBER_OBJECT_CONVERSION = YES_AGGRESSIVE;
				CLANG_CXX_LANGUAGE_STANDARD = "gnu++14";
				CLANG_CXX_LIBRARY = "libc++";
				CLANG_ENABLE_MODULES = YES;
				CLANG_ENABLE_OBJC_ARC = YES;
				CLANG_WARN_BLOCK_CAPTURE_AUTORELEASING = YES;
				CLANG_WARN_BOOL_CONVERSION = YES;
				CLANG_WARN_COMMA = YES;
				CLANG_WARN_CONSTANT_CONVERSION = YES;
				CLANG_WARN_DIRECT_OBJC_ISA_USAGE = YES_ERROR;
				CLANG_WARN_DOCUMENTATION_COMMENTS = YES;
				CLANG_WARN_EMPTY_BODY = YES;
				CLANG_WARN_ENUM_CONVERSION = YES;
				CLANG_WARN_INFINITE_RECURSION = YES;
				CLANG_WARN_INT_CONVERSION = YES;
				CLANG_WARN_NON_LITERAL_NULL_CONVERSION = YES;
				CLANG_WARN_OBJC_LITERAL_CONVERSION = YES;
				CLANG_WARN_OBJC_ROOT_CLASS = YES_ERROR;
				CLANG_WARN_RANGE_LOOP_ANALYSIS = YES;
				CLANG_WARN_STRICT_PROTOTYPES = YES;
				CLANG_WARN_SUSPICIOUS_MOVE = YES;
				CLANG_WARN_UNGUARDED_AVAILABILITY = YES_AGGRESSIVE;
				CLANG_WARN_UNREACHABLE_CODE = YES;
				CLANG_WARN__DUPLICATE_METHOD_MATCH = YES;
				CODE_SIGN_IDENTITY = "iPhone Developer";
				COPY_PHASE_STRIP = NO;
				DEBUG_INFORMATION_FORMAT = "dwarf-with-dsym";
				ENABLE_NS_ASSERTIONS = NO;
				ENABLE_STRICT_OBJC_MSGSEND = YES;
				GCC_C_LANGUAGE_STANDARD = gnu11;
				GCC_NO_COMMON_BLOCKS = YES;
				GCC_WARN_64_TO_32_BIT_CONVERSION = YES;
				GCC_WARN_ABOUT_RETURN_TYPE = YES_ERROR;
				GCC_WARN_UNDECLARED_SELECTOR = YES;
				GCC_WARN_UNINITIALIZED_AUTOS = YES_AGGRESSIVE;
				GCC_WARN_UNUSED_FUNCTION = YES;
				GCC_WARN_UNUSED_VARIABLE = YES;
				IPHONEOS_DEPLOYMENT_TARGET = 11.0;
				MTL_ENABLE_DEBUG_INFO = NO;
				SDKROOT = iphoneos;
				SWIFT_OPTIMIZATION_LEVEL = "-Owholemodule";
				VALIDATE_PRODUCT = YES;
			};
			name = Release;
		};
		21D1D9F01FAB452A003E77F3 /* Debug */ = {
			isa = XCBuildConfiguration;
			buildSettings = {
				ASSETCATALOG_COMPILER_APPICON_NAME = AppIcon;
				CODE_SIGN_STYLE = Automatic;
				DEVELOPMENT_TEAM = 44VNSS7L2X;
				INFOPLIST_FILE = "$(SRCROOT)/Discount Card Manager/Supported Files/Info.plist";
				LD_RUNPATH_SEARCH_PATHS = "$(inherited) @executable_path/Frameworks";
				PRODUCT_BUNDLE_IDENTIFIER = "isidar.Discount-Card-Manager";
				PRODUCT_NAME = "$(TARGET_NAME)";
				SWIFT_VERSION = 4.0;
				TARGETED_DEVICE_FAMILY = "1,2";
			};
			name = Debug;
		};
		21D1D9F11FAB452A003E77F3 /* Release */ = {
			isa = XCBuildConfiguration;
			buildSettings = {
				ASSETCATALOG_COMPILER_APPICON_NAME = AppIcon;
				CODE_SIGN_STYLE = Automatic;
				DEVELOPMENT_TEAM = 44VNSS7L2X;
				INFOPLIST_FILE = "$(SRCROOT)/Discount Card Manager/Supported Files/Info.plist";
				LD_RUNPATH_SEARCH_PATHS = "$(inherited) @executable_path/Frameworks";
				PRODUCT_BUNDLE_IDENTIFIER = "isidar.Discount-Card-Manager";
				PRODUCT_NAME = "$(TARGET_NAME)";
				SWIFT_VERSION = 4.0;
				TARGETED_DEVICE_FAMILY = "1,2";
			};
			name = Release;
		};
/* End XCBuildConfiguration section */

/* Begin XCConfigurationList section */
		21D1D9D51FAB4517003E77F3 /* Build configuration list for PBXProject "Discount Card Manager" */ = {
			isa = XCConfigurationList;
			buildConfigurations = (
				21D1D9ED1FAB452A003E77F3 /* Debug */,
				21D1D9EE1FAB452A003E77F3 /* Release */,
			);
			defaultConfigurationIsVisible = 0;
			defaultConfigurationName = Release;
		};
		21D1D9EF1FAB452A003E77F3 /* Build configuration list for PBXNativeTarget "Discount Card Manager" */ = {
			isa = XCConfigurationList;
			buildConfigurations = (
				21D1D9F01FAB452A003E77F3 /* Debug */,
				21D1D9F11FAB452A003E77F3 /* Release */,
			);
			defaultConfigurationIsVisible = 0;
			defaultConfigurationName = Release;
		};
/* End XCConfigurationList section */

/* Begin XCVersionGroup section */
		21D1D9E41FAB4523003E77F3 /* Discount_Card_Manager.xcdatamodeld */ = {
			isa = XCVersionGroup;
			children = (
				21D1D9E51FAB4524003E77F3 /* Discount_Card_Manager.xcdatamodel */,
			);
			currentVersion = 21D1D9E51FAB4524003E77F3 /* Discount_Card_Manager.xcdatamodel */;
			path = Discount_Card_Manager.xcdatamodeld;
			sourceTree = "<group>";
			versionGroupType = wrapper.xcdatamodel;
		};
/* End XCVersionGroup section */
	};
	rootObject = 21D1D9D21FAB4516003E77F3 /* Project object */;
}
